
Microsoft Visual Studio Solution File, Format Version 12.00
# Visual Studio Version 17
VisualStudioVersion = 17.8.34316.72
MinimumVisualStudioVersion = 10.0.40219.1
Project("{2150E333-8FDC-42A3-9474-1A3956D46DE8}") = "C#Basic", "C#Basic", "{7EF50856-29DB-4D56-B7B3-27C6F2A1F192}"
EndProject
Project("{2150E333-8FDC-42A3-9474-1A3956D46DE8}") = "C#OOP", "C#OOP", "{F6AC48A4-2AEB-422E-916E-76798B172457}"
EndProject
Project("{2150E333-8FDC-42A3-9474-1A3956D46DE8}") = "C#Advensed", "C#Advensed", "{5AF1F05E-C23E-4C02-8AFC-9DF429717DEC}"
EndProject
Project("{9A19103F-16F7-4668-BE54-9A1E7A4F7556}") = "O'zgaruvchilar", "C#Basic\O'zgaruvchilar\O'zgaruvchilar.csproj", "{C3E1F69D-F0CF-4BF2-A014-E3AA4BEC2C84}"
EndProject
Project("{9A19103F-16F7-4668-BE54-9A1E7A4F7556}") = "Operatorlar", "C#Basic\Operatorlar\Operatorlar.csproj", "{F61B504E-C4A7-4222-8791-E082A8CBA0FA}"
EndProject
Project("{9A19103F-16F7-4668-BE54-9A1E7A4F7556}") = "StringLesson", "C#Basic\StringLesson\StringLesson.csproj", "{76AB4A2E-90A2-4282-B78B-E00F45C6B948}"
EndProject
Project("{9A19103F-16F7-4668-BE54-9A1E7A4F7556}") = "Arraylar", "C#Basic\Arraylar\Arraylar.csproj", "{A4425A28-DFF1-4FEF-8679-8E79C15E3F9A}"
EndProject
Project("{2150E333-8FDC-42A3-9474-1A3956D46DE8}") = "Projects", "Projects", "{94902AEA-C155-4A42-8740-CDAD8CF1EA8A}"
EndProject
Project("{9A19103F-16F7-4668-BE54-9A1E7A4F7556}") = "15-Game", "C#Basic\Projects\15-Game\15-Game.csproj", "{81F27439-EB85-49AA-B8BD-2BECF4D26AE2}"
EndProject
Project("{9A19103F-16F7-4668-BE54-9A1E7A4F7556}") = "OOP-Intro", "OOP\OOP-Intro\OOP-Intro.csproj", "{02D25065-A579-492D-ADD9-EE817D125854}"
EndProject
Project("{2150E333-8FDC-42A3-9474-1A3956D46DE8}") = "projects", "projects", "{0BECC462-B28E-4561-B7C4-7333195D88B3}"
EndProject
Project("{9A19103F-16F7-4668-BE54-9A1E7A4F7556}") = "Library", "OOP\OOP-Intro\Library\Library.csproj", "{D84ADE51-189F-45B3-821D-7F335751CF81}"
EndProject
Project("{9A19103F-16F7-4668-BE54-9A1E7A4F7556}") = "Collections", "OOP\Collections\Collections.csproj", "{6DFAB93F-FD60-4665-90A3-B2AA2A7175E6}"
EndProject
Project("{9A19103F-16F7-4668-BE54-9A1E7A4F7556}") = "ExtensionMethod", "OOP\Collections2\ExtensionMethod.csproj", "{7D5B00AC-A281-4911-AF62-5F75E78E81A5}"
EndProject
Project("{9A19103F-16F7-4668-BE54-9A1E7A4F7556}") = "Delegates", "OOP\Delegates\Delegates.csproj", "{EC845127-E329-47EB-AC45-27A78ABC522D}"
EndProject
Project("{9A19103F-16F7-4668-BE54-9A1E7A4F7556}") = "Delegate", "OOP\Delegate\Delegate.csproj", "{8CA92E81-50DB-442A-B90D-0783FBA041C8}"
EndProject
Project("{9A19103F-16F7-4668-BE54-9A1E7A4F7556}") = "Exceptions", "C#Advanced\Exceptions\Exceptions.csproj", "{FF3FCA36-3590-4419-9A6B-2394A4E6886B}"
EndProject
Project("{9A19103F-16F7-4668-BE54-9A1E7A4F7556}") = "TIME", "C#Advanced\TIME\TIME.csproj", "{C4C9A316-3ADE-45FB-9BD9-7801E279EAF9}"
EndProject
Project("{9A19103F-16F7-4668-BE54-9A1E7A4F7556}") = "RegularExpression", "C#Advanced\RegularExpression\RegularExpression.csproj", "{938911B8-9DBE-49B9-A405-564DBEEFBB48}"
EndProject
Project("{9A19103F-16F7-4668-BE54-9A1E7A4F7556}") = "JSONCRUD", "C#Advanced\JSONCRUD\JSONCRUD.csproj", "{ED93D4F0-4CAD-4E8C-9472-6FC1EDD33943}"
EndProject
Project("{9A19103F-16F7-4668-BE54-9A1E7A4F7556}") = "FileFineder", "C#Advanced\FileFineder\FileFineder.csproj", "{825C6EEA-291F-4ED8-9A66-F1A0877762DE}"
EndProject
Project("{9A19103F-16F7-4668-BE54-9A1E7A4F7556}") = "HttpClients", "C#Advanced\HttpClients\HttpClients.csproj", "{7F3A3CEA-A68A-4034-9B7D-D0F0120B7D35}"
EndProject
Project("{2150E333-8FDC-42A3-9474-1A3956D46DE8}") = "Projects", "Projects", "{57A1BB96-8CEB-4D56-9112-C3F189FA77F0}"
EndProject
Project("{FAE04EC0-301F-11D3-BF4B-00C04F79EFBC}") = "TestAPI", "C#Advanced\Projects\TestAPI\TestAPI.csproj", "{398005CE-A36F-47B7-B210-113A6D77F015}"
EndProject
Project("{FAE04EC0-301F-11D3-BF4B-00C04F79EFBC}") = "TestClient", "C#Advanced\Projects\TestClient\TestClient.csproj", "{74069F1B-0C6E-405E-92F0-A2F0EB545FE7}"
EndProject
Global
	GlobalSection(SolutionConfigurationPlatforms) = preSolution
		Debug|Any CPU = Debug|Any CPU
		Release|Any CPU = Release|Any CPU
	EndGlobalSection
	GlobalSection(ProjectConfigurationPlatforms) = postSolution
		{C3E1F69D-F0CF-4BF2-A014-E3AA4BEC2C84}.Debug|Any CPU.ActiveCfg = Debug|Any CPU
		{C3E1F69D-F0CF-4BF2-A014-E3AA4BEC2C84}.Debug|Any CPU.Build.0 = Debug|Any CPU
		{C3E1F69D-F0CF-4BF2-A014-E3AA4BEC2C84}.Release|Any CPU.ActiveCfg = Release|Any CPU
		{C3E1F69D-F0CF-4BF2-A014-E3AA4BEC2C84}.Release|Any CPU.Build.0 = Release|Any CPU
		{F61B504E-C4A7-4222-8791-E082A8CBA0FA}.Debug|Any CPU.ActiveCfg = Debug|Any CPU
		{F61B504E-C4A7-4222-8791-E082A8CBA0FA}.Debug|Any CPU.Build.0 = Debug|Any CPU
		{F61B504E-C4A7-4222-8791-E082A8CBA0FA}.Release|Any CPU.ActiveCfg = Release|Any CPU
		{F61B504E-C4A7-4222-8791-E082A8CBA0FA}.Release|Any CPU.Build.0 = Release|Any CPU
		{76AB4A2E-90A2-4282-B78B-E00F45C6B948}.Debug|Any CPU.ActiveCfg = Debug|Any CPU
		{76AB4A2E-90A2-4282-B78B-E00F45C6B948}.Debug|Any CPU.Build.0 = Debug|Any CPU
		{76AB4A2E-90A2-4282-B78B-E00F45C6B948}.Release|Any CPU.ActiveCfg = Release|Any CPU
		{76AB4A2E-90A2-4282-B78B-E00F45C6B948}.Release|Any CPU.Build.0 = Release|Any CPU
		{A4425A28-DFF1-4FEF-8679-8E79C15E3F9A}.Debug|Any CPU.ActiveCfg = Debug|Any CPU
		{A4425A28-DFF1-4FEF-8679-8E79C15E3F9A}.Debug|Any CPU.Build.0 = Debug|Any CPU
		{A4425A28-DFF1-4FEF-8679-8E79C15E3F9A}.Release|Any CPU.ActiveCfg = Release|Any CPU
		{A4425A28-DFF1-4FEF-8679-8E79C15E3F9A}.Release|Any CPU.Build.0 = Release|Any CPU
		{81F27439-EB85-49AA-B8BD-2BECF4D26AE2}.Debug|Any CPU.ActiveCfg = Debug|Any CPU
		{81F27439-EB85-49AA-B8BD-2BECF4D26AE2}.Debug|Any CPU.Build.0 = Debug|Any CPU
		{81F27439-EB85-49AA-B8BD-2BECF4D26AE2}.Release|Any CPU.ActiveCfg = Release|Any CPU
		{81F27439-EB85-49AA-B8BD-2BECF4D26AE2}.Release|Any CPU.Build.0 = Release|Any CPU
		{02D25065-A579-492D-ADD9-EE817D125854}.Debug|Any CPU.ActiveCfg = Debug|Any CPU
		{02D25065-A579-492D-ADD9-EE817D125854}.Debug|Any CPU.Build.0 = Debug|Any CPU
		{02D25065-A579-492D-ADD9-EE817D125854}.Release|Any CPU.ActiveCfg = Release|Any CPU
		{02D25065-A579-492D-ADD9-EE817D125854}.Release|Any CPU.Build.0 = Release|Any CPU
		{D84ADE51-189F-45B3-821D-7F335751CF81}.Debug|Any CPU.ActiveCfg = Debug|Any CPU
		{D84ADE51-189F-45B3-821D-7F335751CF81}.Debug|Any CPU.Build.0 = Debug|Any CPU
		{D84ADE51-189F-45B3-821D-7F335751CF81}.Release|Any CPU.ActiveCfg = Release|Any CPU
		{D84ADE51-189F-45B3-821D-7F335751CF81}.Release|Any CPU.Build.0 = Release|Any CPU
		{6DFAB93F-FD60-4665-90A3-B2AA2A7175E6}.Debug|Any CPU.ActiveCfg = Debug|Any CPU
		{6DFAB93F-FD60-4665-90A3-B2AA2A7175E6}.Debug|Any CPU.Build.0 = Debug|Any CPU
		{6DFAB93F-FD60-4665-90A3-B2AA2A7175E6}.Release|Any CPU.ActiveCfg = Release|Any CPU
		{6DFAB93F-FD60-4665-90A3-B2AA2A7175E6}.Release|Any CPU.Build.0 = Release|Any CPU
		{7D5B00AC-A281-4911-AF62-5F75E78E81A5}.Debug|Any CPU.ActiveCfg = Debug|Any CPU
		{7D5B00AC-A281-4911-AF62-5F75E78E81A5}.Debug|Any CPU.Build.0 = Debug|Any CPU
		{7D5B00AC-A281-4911-AF62-5F75E78E81A5}.Release|Any CPU.ActiveCfg = Release|Any CPU
		{7D5B00AC-A281-4911-AF62-5F75E78E81A5}.Release|Any CPU.Build.0 = Release|Any CPU
		{EC845127-E329-47EB-AC45-27A78ABC522D}.Debug|Any CPU.ActiveCfg = Debug|Any CPU
		{EC845127-E329-47EB-AC45-27A78ABC522D}.Debug|Any CPU.Build.0 = Debug|Any CPU
		{EC845127-E329-47EB-AC45-27A78ABC522D}.Release|Any CPU.ActiveCfg = Release|Any CPU
		{EC845127-E329-47EB-AC45-27A78ABC522D}.Release|Any CPU.Build.0 = Release|Any CPU
		{8CA92E81-50DB-442A-B90D-0783FBA041C8}.Debug|Any CPU.ActiveCfg = Debug|Any CPU
		{8CA92E81-50DB-442A-B90D-0783FBA041C8}.Debug|Any CPU.Build.0 = Debug|Any CPU
		{8CA92E81-50DB-442A-B90D-0783FBA041C8}.Release|Any CPU.ActiveCfg = Release|Any CPU
		{8CA92E81-50DB-442A-B90D-0783FBA041C8}.Release|Any CPU.Build.0 = Release|Any CPU
		{FF3FCA36-3590-4419-9A6B-2394A4E6886B}.Debug|Any CPU.ActiveCfg = Debug|Any CPU
		{FF3FCA36-3590-4419-9A6B-2394A4E6886B}.Debug|Any CPU.Build.0 = Debug|Any CPU
		{FF3FCA36-3590-4419-9A6B-2394A4E6886B}.Release|Any CPU.ActiveCfg = Release|Any CPU
		{FF3FCA36-3590-4419-9A6B-2394A4E6886B}.Release|Any CPU.Build.0 = Release|Any CPU
		{C4C9A316-3ADE-45FB-9BD9-7801E279EAF9}.Debug|Any CPU.ActiveCfg = Debug|Any CPU
		{C4C9A316-3ADE-45FB-9BD9-7801E279EAF9}.Debug|Any CPU.Build.0 = Debug|Any CPU
		{C4C9A316-3ADE-45FB-9BD9-7801E279EAF9}.Release|Any CPU.ActiveCfg = Release|Any CPU
		{C4C9A316-3ADE-45FB-9BD9-7801E279EAF9}.Release|Any CPU.Build.0 = Release|Any CPU
		{938911B8-9DBE-49B9-A405-564DBEEFBB48}.Debug|Any CPU.ActiveCfg = Debug|Any CPU
		{938911B8-9DBE-49B9-A405-564DBEEFBB48}.Debug|Any CPU.Build.0 = Debug|Any CPU
		{938911B8-9DBE-49B9-A405-564DBEEFBB48}.Release|Any CPU.ActiveCfg = Release|Any CPU
		{938911B8-9DBE-49B9-A405-564DBEEFBB48}.Release|Any CPU.Build.0 = Release|Any CPU
		{ED93D4F0-4CAD-4E8C-9472-6FC1EDD33943}.Debug|Any CPU.ActiveCfg = Debug|Any CPU
		{ED93D4F0-4CAD-4E8C-9472-6FC1EDD33943}.Debug|Any CPU.Build.0 = Debug|Any CPU
		{ED93D4F0-4CAD-4E8C-9472-6FC1EDD33943}.Release|Any CPU.ActiveCfg = Release|Any CPU
		{ED93D4F0-4CAD-4E8C-9472-6FC1EDD33943}.Release|Any CPU.Build.0 = Release|Any CPU
		{825C6EEA-291F-4ED8-9A66-F1A0877762DE}.Debug|Any CPU.ActiveCfg = Debug|Any CPU
		{825C6EEA-291F-4ED8-9A66-F1A0877762DE}.Debug|Any CPU.Build.0 = Debug|Any CPU
		{825C6EEA-291F-4ED8-9A66-F1A0877762DE}.Release|Any CPU.ActiveCfg = Release|Any CPU
		{825C6EEA-291F-4ED8-9A66-F1A0877762DE}.Release|Any CPU.Build.0 = Release|Any CPU
		{7F3A3CEA-A68A-4034-9B7D-D0F0120B7D35}.Debug|Any CPU.ActiveCfg = Debug|Any CPU
		{7F3A3CEA-A68A-4034-9B7D-D0F0120B7D35}.Debug|Any CPU.Build.0 = Debug|Any CPU
		{7F3A3CEA-A68A-4034-9B7D-D0F0120B7D35}.Release|Any CPU.ActiveCfg = Release|Any CPU
		{7F3A3CEA-A68A-4034-9B7D-D0F0120B7D35}.Release|Any CPU.Build.0 = Release|Any CPU
		{398005CE-A36F-47B7-B210-113A6D77F015}.Debug|Any CPU.ActiveCfg = Debug|Any CPU
		{398005CE-A36F-47B7-B210-113A6D77F015}.Debug|Any CPU.Build.0 = Debug|Any CPU
		{398005CE-A36F-47B7-B210-113A6D77F015}.Release|Any CPU.ActiveCfg = Release|Any CPU
		{398005CE-A36F-47B7-B210-113A6D77F015}.Release|Any CPU.Build.0 = Release|Any CPU
		{74069F1B-0C6E-405E-92F0-A2F0EB545FE7}.Debug|Any CPU.ActiveCfg = Debug|Any CPU
		{74069F1B-0C6E-405E-92F0-A2F0EB545FE7}.Debug|Any CPU.Build.0 = Debug|Any CPU
		{74069F1B-0C6E-405E-92F0-A2F0EB545FE7}.Release|Any CPU.ActiveCfg = Release|Any CPU
		{74069F1B-0C6E-405E-92F0-A2F0EB545FE7}.Release|Any CPU.Build.0 = Release|Any CPU
	EndGlobalSection
	GlobalSection(SolutionProperties) = preSolution
		HideSolutionNode = FALSE
	EndGlobalSection
	GlobalSection(NestedProjects) = preSolution
		{C3E1F69D-F0CF-4BF2-A014-E3AA4BEC2C84} = {7EF50856-29DB-4D56-B7B3-27C6F2A1F192}
		{F61B504E-C4A7-4222-8791-E082A8CBA0FA} = {7EF50856-29DB-4D56-B7B3-27C6F2A1F192}
		{76AB4A2E-90A2-4282-B78B-E00F45C6B948} = {7EF50856-29DB-4D56-B7B3-27C6F2A1F192}
		{A4425A28-DFF1-4FEF-8679-8E79C15E3F9A} = {7EF50856-29DB-4D56-B7B3-27C6F2A1F192}
		{94902AEA-C155-4A42-8740-CDAD8CF1EA8A} = {7EF50856-29DB-4D56-B7B3-27C6F2A1F192}
		{81F27439-EB85-49AA-B8BD-2BECF4D26AE2} = {94902AEA-C155-4A42-8740-CDAD8CF1EA8A}
		{02D25065-A579-492D-ADD9-EE817D125854} = {F6AC48A4-2AEB-422E-916E-76798B172457}
		{0BECC462-B28E-4561-B7C4-7333195D88B3} = {F6AC48A4-2AEB-422E-916E-76798B172457}
		{D84ADE51-189F-45B3-821D-7F335751CF81} = {0BECC462-B28E-4561-B7C4-7333195D88B3}
		{6DFAB93F-FD60-4665-90A3-B2AA2A7175E6} = {F6AC48A4-2AEB-422E-916E-76798B172457}
		{7D5B00AC-A281-4911-AF62-5F75E78E81A5} = {F6AC48A4-2AEB-422E-916E-76798B172457}
		{EC845127-E329-47EB-AC45-27A78ABC522D} = {F6AC48A4-2AEB-422E-916E-76798B172457}
		{8CA92E81-50DB-442A-B90D-0783FBA041C8} = {F6AC48A4-2AEB-422E-916E-76798B172457}
		{FF3FCA36-3590-4419-9A6B-2394A4E6886B} = {5AF1F05E-C23E-4C02-8AFC-9DF429717DEC}
		{C4C9A316-3ADE-45FB-9BD9-7801E279EAF9} = {5AF1F05E-C23E-4C02-8AFC-9DF429717DEC}
		{938911B8-9DBE-49B9-A405-564DBEEFBB48} = {5AF1F05E-C23E-4C02-8AFC-9DF429717DEC}
		{ED93D4F0-4CAD-4E8C-9472-6FC1EDD33943} = {5AF1F05E-C23E-4C02-8AFC-9DF429717DEC}
		{825C6EEA-291F-4ED8-9A66-F1A0877762DE} = {5AF1F05E-C23E-4C02-8AFC-9DF429717DEC}
		{7F3A3CEA-A68A-4034-9B7D-D0F0120B7D35} = {5AF1F05E-C23E-4C02-8AFC-9DF429717DEC}
		{57A1BB96-8CEB-4D56-9112-C3F189FA77F0} = {5AF1F05E-C23E-4C02-8AFC-9DF429717DEC}
		{398005CE-A36F-47B7-B210-113A6D77F015} = {57A1BB96-8CEB-4D56-9112-C3F189FA77F0}
		{74069F1B-0C6E-405E-92F0-A2F0EB545FE7} = {57A1BB96-8CEB-4D56-9112-C3F189FA77F0}
	EndGlobalSection
	GlobalSection(ExtensibilityGlobals) = postSolution
		SolutionGuid = {4B57A6E9-7120-4BB5-93D5-4FBA374A56C1}
	EndGlobalSection
EndGlobal
